
Microsoft Visual Studio Solution File, Format Version 12.00
# Visual Studio 15
VisualStudioVersion = 15.0.27703.2047
MinimumVisualStudioVersion = 10.0.40219.1
Project("{9A19103F-16F7-4668-BE54-9A1E7A4F7556}") = "EnvironmentBasedClassSample", "EnvironBasedClassAndMethodSample\EnvironmentBasedClassSample.csproj", "{5672A272-71F9-4F51-A95B-49E7963E323D}"
EndProject
Project("{9A19103F-16F7-4668-BE54-9A1E7A4F7556}") = "EnvironmentBasedMethodSample", "EnvironBasedMethodSample\EnvironmentBasedMethodSample.csproj", "{5F691D56-C39A-4035-A48F-81A94E109FED}"
EndProject
Global
	GlobalSection(SolutionConfigurationPlatforms) = preSolution
		Debug|Any CPU = Debug|Any CPU
		Release|Any CPU = Release|Any CPU
	EndGlobalSection
	GlobalSection(ProjectConfigurationPlatforms) = postSolution
		{5672A272-71F9-4F51-A95B-49E7963E323D}.Debug|Any CPU.ActiveCfg = Debug|Any CPU
		{5672A272-71F9-4F51-A95B-49E7963E323D}.Debug|Any CPU.Build.0 = Debug|Any CPU
		{5672A272-71F9-4F51-A95B-49E7963E323D}.Release|Any CPU.ActiveCfg = Release|Any CPU
		{5672A272-71F9-4F51-A95B-49E7963E323D}.Release|Any CPU.Build.0 = Release|Any CPU
		{5F691D56-C39A-4035-A48F-81A94E109FED}.Debug|Any CPU.ActiveCfg = Debug|Any CPU
		{5F691D56-C39A-4035-A48F-81A94E109FED}.Debug|Any CPU.Build.0 = Debug|Any CPU
		{5F691D56-C39A-4035-A48F-81A94E109FED}.Release|Any CPU.ActiveCfg = Release|Any CPU
		{5F691D56-C39A-4035-A48F-81A94E109FED}.Release|Any CPU.Build.0 = Release|Any CPU
	EndGlobalSection
	GlobalSection(SolutionProperties) = preSolution
		HideSolutionNode = FALSE
	EndGlobalSection
	GlobalSection(ExtensibilityGlobals) = postSolution
		SolutionGuid = {2BE15DE8-AEE2-4201-B1B9-021671E98F26}
	EndGlobalSection
EndGlobal
